
Microsoft Visual Studio Solution File, Format Version 12.00
# Visual Studio Version 16
VisualStudioVersion = 16.0.29613.14
MinimumVisualStudioVersion = 10.0.40219.1
Project("{9A19103F-16F7-4668-BE54-9A1E7A4F7556}") = "Employee.API", "Employee.API.csproj", "{60BBDCC4-E052-4293-A626-B6E45A2446B6}"
EndProject
Project("{2150E333-8FDC-42A3-9474-1A3956D46DE8}") = "Service", "Service", "{E7E611BA-64D2-43C1-AA64-24F0843BDBBB}"
EndProject
Project("{FAE04EC0-301F-11D3-BF4B-00C04F79EFBC}") = "Employee.Service", "..\Employee.Service\Employee.Service.csproj", "{C04DF97F-1E14-4706-BDDD-4C72C34DD8E9}"
EndProject
Project("{FAE04EC0-301F-11D3-BF4B-00C04F79EFBC}") = "Employee.Service.Interface", "..\Employee.Service.Interface\Employee.Service.Interface.csproj", "{7E4C4603-0063-4D7A-9571-10E4A3B6C3B4}"
EndProject
Project("{9A19103F-16F7-4668-BE54-9A1E7A4F7556}") = "UnitOfWork", "..\UnitOfWork\UnitOfWork.csproj", "{73FE3C6A-0533-4375-AF10-1D9F9E801D91}"
EndProject
Global
	GlobalSection(SolutionConfigurationPlatforms) = preSolution
		Debug|Any CPU = Debug|Any CPU
		Release|Any CPU = Release|Any CPU
	EndGlobalSection
	GlobalSection(ProjectConfigurationPlatforms) = postSolution
		{60BBDCC4-E052-4293-A626-B6E45A2446B6}.Debug|Any CPU.ActiveCfg = Debug|Any CPU
		{60BBDCC4-E052-4293-A626-B6E45A2446B6}.Debug|Any CPU.Build.0 = Debug|Any CPU
		{60BBDCC4-E052-4293-A626-B6E45A2446B6}.Release|Any CPU.ActiveCfg = Release|Any CPU
		{60BBDCC4-E052-4293-A626-B6E45A2446B6}.Release|Any CPU.Build.0 = Release|Any CPU
		{C04DF97F-1E14-4706-BDDD-4C72C34DD8E9}.Debug|Any CPU.ActiveCfg = Debug|Any CPU
		{C04DF97F-1E14-4706-BDDD-4C72C34DD8E9}.Debug|Any CPU.Build.0 = Debug|Any CPU
		{C04DF97F-1E14-4706-BDDD-4C72C34DD8E9}.Release|Any CPU.ActiveCfg = Release|Any CPU
		{C04DF97F-1E14-4706-BDDD-4C72C34DD8E9}.Release|Any CPU.Build.0 = Release|Any CPU
		{7E4C4603-0063-4D7A-9571-10E4A3B6C3B4}.Debug|Any CPU.ActiveCfg = Debug|Any CPU
		{7E4C4603-0063-4D7A-9571-10E4A3B6C3B4}.Debug|Any CPU.Build.0 = Debug|Any CPU
		{7E4C4603-0063-4D7A-9571-10E4A3B6C3B4}.Release|Any CPU.ActiveCfg = Release|Any CPU
		{7E4C4603-0063-4D7A-9571-10E4A3B6C3B4}.Release|Any CPU.Build.0 = Release|Any CPU
		{73FE3C6A-0533-4375-AF10-1D9F9E801D91}.Debug|Any CPU.ActiveCfg = Debug|Any CPU
		{73FE3C6A-0533-4375-AF10-1D9F9E801D91}.Debug|Any CPU.Build.0 = Debug|Any CPU
		{73FE3C6A-0533-4375-AF10-1D9F9E801D91}.Release|Any CPU.ActiveCfg = Release|Any CPU
		{73FE3C6A-0533-4375-AF10-1D9F9E801D91}.Release|Any CPU.Build.0 = Release|Any CPU
	EndGlobalSection
	GlobalSection(SolutionProperties) = preSolution
		HideSolutionNode = FALSE
	EndGlobalSection
	GlobalSection(NestedProjects) = preSolution
		{C04DF97F-1E14-4706-BDDD-4C72C34DD8E9} = {E7E611BA-64D2-43C1-AA64-24F0843BDBBB}
		{7E4C4603-0063-4D7A-9571-10E4A3B6C3B4} = {E7E611BA-64D2-43C1-AA64-24F0843BDBBB}
	EndGlobalSection
	GlobalSection(ExtensibilityGlobals) = postSolution
		SolutionGuid = {76B04EC9-ED4E-414F-8B1C-538C6B36AE3D}
	EndGlobalSection
EndGlobal
